
Microsoft Visual Studio Solution File, Format Version 12.00
# Visual Studio 15
VisualStudioVersion = 15.0.27703.1
MinimumVisualStudioVersion = 10.0.40219.1
Project("{FAE04EC0-301F-11D3-BF4B-00C04F79EFBC}") = "LocalOnlyAccessTest", "LocalOnlyAccessTest\LocalOnlyAccessTest.csproj", "{8B129C97-D2D7-4480-8824-8DA18BF4D426}"
EndProject
Global
	GlobalSection(SolutionConfigurationPlatforms) = preSolution
		Debug|Any CPU = Debug|Any CPU
		Release|Any CPU = Release|Any CPU
	EndGlobalSection
	GlobalSection(ProjectConfigurationPlatforms) = postSolution
		{8B129C97-D2D7-4480-8824-8DA18BF4D426}.Debug|Any CPU.ActiveCfg = Debug|Any CPU
		{8B129C97-D2D7-4480-8824-8DA18BF4D426}.Debug|Any CPU.Build.0 = Debug|Any CPU
		{8B129C97-D2D7-4480-8824-8DA18BF4D426}.Release|Any CPU.ActiveCfg = Release|Any CPU
		{8B129C97-D2D7-4480-8824-8DA18BF4D426}.Release|Any CPU.Build.0 = Release|Any CPU
	EndGlobalSection
	GlobalSection(SolutionProperties) = preSolution
		HideSolutionNode = FALSE
	EndGlobalSection
	GlobalSection(ExtensibilityGlobals) = postSolution
		SolutionGuid = {520339F6-6A3C-4DEC-A4F6-D738BECB6EF6}
	EndGlobalSection
EndGlobal
